
Microsoft Visual Studio Solution File, Format Version 12.00
# Visual Studio 15
Project("{FAE04EC0-301F-11D3-BF4B-00C04F79EFBC}") = "Assembly-CSharp", "Assembly-CSharp.csproj", "{040D24B6-CEED-63C4-5E8A-561711587109}"
EndProject
Project("{FAE04EC0-301F-11D3-BF4B-00C04F79EFBC}") = "Assembly-CSharp-Editor", "Assembly-CSharp-Editor.csproj", "{1C9DEE03-9BBE-7661-A311-115EEB986728}"
EndProject
Global
	GlobalSection(SolutionConfigurationPlatforms) = preSolution
		Debug|Any CPU = Debug|Any CPU
		Release|Any CPU = Release|Any CPU
	EndGlobalSection
	GlobalSection(ProjectConfigurationPlatforms) = postSolution
		{040D24B6-CEED-63C4-5E8A-561711587109}.Debug|Any CPU.ActiveCfg = Debug|Any CPU
		{040D24B6-CEED-63C4-5E8A-561711587109}.Debug|Any CPU.Build.0 = Debug|Any CPU
		{040D24B6-CEED-63C4-5E8A-561711587109}.Release|Any CPU.ActiveCfg = Release|Any CPU
		{040D24B6-CEED-63C4-5E8A-561711587109}.Release|Any CPU.Build.0 = Release|Any CPU
		{1C9DEE03-9BBE-7661-A311-115EEB986728}.Debug|Any CPU.ActiveCfg = Debug|Any CPU
		{1C9DEE03-9BBE-7661-A311-115EEB986728}.Debug|Any CPU.Build.0 = Debug|Any CPU
		{1C9DEE03-9BBE-7661-A311-115EEB986728}.Release|Any CPU.ActiveCfg = Release|Any CPU
		{1C9DEE03-9BBE-7661-A311-115EEB986728}.Release|Any CPU.Build.0 = Release|Any CPU
	EndGlobalSection
	GlobalSection(SolutionProperties) = preSolution
		HideSolutionNode = FALSE
	EndGlobalSection
EndGlobal
